
Microsoft Visual Studio Solution File, Format Version 12.00
# Visual Studio Version 16
VisualStudioVersion = 16.0.29306.81
MinimumVisualStudioVersion = 10.0.40219.1
Project("{9A19103F-16F7-4668-BE54-9A1E7A4F7556}") = "ApiAndIdentityServer", "ApiAndIdentityServer\ApiAndIdentityServer.csproj", "{44409F88-5ED4-44F2-8FCA-7AEA69ED689D}"
EndProject
Project("{FAE04EC0-301F-11D3-BF4B-00C04F79EFBC}") = "Client", "Client\Client.csproj", "{8A86B6C2-8596-4C88-9EC0-180046A821A4}"
EndProject
Global
	GlobalSection(SolutionConfigurationPlatforms) = preSolution
		Debug|Any CPU = Debug|Any CPU
		Release|Any CPU = Release|Any CPU
	EndGlobalSection
	GlobalSection(ProjectConfigurationPlatforms) = postSolution
		{44409F88-5ED4-44F2-8FCA-7AEA69ED689D}.Debug|Any CPU.ActiveCfg = Debug|Any CPU
		{44409F88-5ED4-44F2-8FCA-7AEA69ED689D}.Debug|Any CPU.Build.0 = Debug|Any CPU
		{44409F88-5ED4-44F2-8FCA-7AEA69ED689D}.Release|Any CPU.ActiveCfg = Release|Any CPU
		{44409F88-5ED4-44F2-8FCA-7AEA69ED689D}.Release|Any CPU.Build.0 = Release|Any CPU
		{8A86B6C2-8596-4C88-9EC0-180046A821A4}.Debug|Any CPU.ActiveCfg = Debug|Any CPU
		{8A86B6C2-8596-4C88-9EC0-180046A821A4}.Debug|Any CPU.Build.0 = Debug|Any CPU
		{8A86B6C2-8596-4C88-9EC0-180046A821A4}.Release|Any CPU.ActiveCfg = Release|Any CPU
		{8A86B6C2-8596-4C88-9EC0-180046A821A4}.Release|Any CPU.Build.0 = Release|Any CPU
	EndGlobalSection
	GlobalSection(SolutionProperties) = preSolution
		HideSolutionNode = FALSE
	EndGlobalSection
	GlobalSection(ExtensibilityGlobals) = postSolution
		SolutionGuid = {734BF545-47EF-4788-8271-983D41720E07}
	EndGlobalSection
EndGlobal
